
Microsoft Visual Studio Solution File, Format Version 12.00
# Visual Studio Version 17
VisualStudioVersion = 17.5.33627.172
MinimumVisualStudioVersion = 10.0.40219.1
Project("{FAE04EC0-301F-11D3-BF4B-00C04F79EFBC}") = "PBH_API", "PBH_API\PBH_API.csproj", "{71B9CB78-A733-442C-8B56-697D07718D28}"
EndProject
Global
	GlobalSection(SolutionConfigurationPlatforms) = preSolution
		Debug|Any CPU = Debug|Any CPU
		Release|Any CPU = Release|Any CPU
	EndGlobalSection
	GlobalSection(ProjectConfigurationPlatforms) = postSolution
		{71B9CB78-A733-442C-8B56-697D07718D28}.Debug|Any CPU.ActiveCfg = Debug|Any CPU
		{71B9CB78-A733-442C-8B56-697D07718D28}.Debug|Any CPU.Build.0 = Debug|Any CPU
		{71B9CB78-A733-442C-8B56-697D07718D28}.Release|Any CPU.ActiveCfg = Release|Any CPU
		{71B9CB78-A733-442C-8B56-697D07718D28}.Release|Any CPU.Build.0 = Release|Any CPU
	EndGlobalSection
	GlobalSection(SolutionProperties) = preSolution
		HideSolutionNode = FALSE
	EndGlobalSection
	GlobalSection(ExtensibilityGlobals) = postSolution
		SolutionGuid = {903C46E8-E293-4491-B405-6BB2F64A7015}
	EndGlobalSection
EndGlobal
